
Microsoft Visual Studio Solution File, Format Version 12.00
# Visual Studio 15
VisualStudioVersion = 15.0.28307.421
MinimumVisualStudioVersion = 10.0.40219.1
Project("{FAE04EC0-301F-11D3-BF4B-00C04F79EFBC}") = "EasyNetPGP", "EasyNetPGP\EasyNetPGP.csproj", "{A9A1A9E3-B3FF-44B5-BC0A-3129A8E626B9}"
EndProject
Global
	GlobalSection(SolutionConfigurationPlatforms) = preSolution
		Debug|Any CPU = Debug|Any CPU
		Release|Any CPU = Release|Any CPU
	EndGlobalSection
	GlobalSection(ProjectConfigurationPlatforms) = postSolution
		{A9A1A9E3-B3FF-44B5-BC0A-3129A8E626B9}.Debug|Any CPU.ActiveCfg = Debug|Any CPU
		{A9A1A9E3-B3FF-44B5-BC0A-3129A8E626B9}.Debug|Any CPU.Build.0 = Debug|Any CPU
		{A9A1A9E3-B3FF-44B5-BC0A-3129A8E626B9}.Release|Any CPU.ActiveCfg = Release|Any CPU
		{A9A1A9E3-B3FF-44B5-BC0A-3129A8E626B9}.Release|Any CPU.Build.0 = Release|Any CPU
	EndGlobalSection
	GlobalSection(SolutionProperties) = preSolution
		HideSolutionNode = FALSE
	EndGlobalSection
	GlobalSection(ExtensibilityGlobals) = postSolution
		SolutionGuid = {3DDBDF71-2CDE-41D8-926A-4648925D894B}
	EndGlobalSection
EndGlobal
